// !$*UTF8*$!
{
	archiveVersion = 1;
	classes = {
	};
	objectVersion = 46;
	objects = {

/* Begin PBXBuildFile section */
		452C8A1C1A7E4C9100DC330E /* AppDelegate.swift in Sources */ = {isa = PBXBuildFile; fileRef = 452C8A151A7E4C9100DC330E /* AppDelegate.swift */; };
		452C8A1D1A7E4C9100DC330E /* DemoViewController.swift in Sources */ = {isa = PBXBuildFile; fileRef = 452C8A171A7E4C9100DC330E /* DemoViewController.swift */; };
		452C8A1E1A7E4C9100DC330E /* TinyLayoutDemoView.swift in Sources */ = {isa = PBXBuildFile; fileRef = 452C8A191A7E4C9100DC330E /* TinyLayoutDemoView.swift */; };
		452C8A241A7E4CCA00DC330E /* Images.xcassets in Resources */ = {isa = PBXBuildFile; fileRef = 452C8A231A7E4CCA00DC330E /* Images.xcassets */; };
		452C8A2B1A7E4DB000DC330E /* TinyLayout.swift in Sources */ = {isa = PBXBuildFile; fileRef = 452C8A291A7E4DB000DC330E /* TinyLayout.swift */; };
		452C8A2C1A7E4DB000DC330E /* UIViewTinyLayout.swift in Sources */ = {isa = PBXBuildFile; fileRef = 452C8A2A1A7E4DB000DC330E /* UIViewTinyLayout.swift */; };
		452C8A2F1A7E508800DC330E /* Main.storyboard in Resources */ = {isa = PBXBuildFile; fileRef = 452C8A2E1A7E508800DC330E /* Main.storyboard */; };
/* End PBXBuildFile section */

/* Begin PBXFileReference section */
		452C89E21A7E487700DC330E /* TinyLayoutDemo.app */ = {isa = PBXFileReference; explicitFileType = wrapper.application; includeInIndex = 0; path = TinyLayoutDemo.app; sourceTree = BUILT_PRODUCTS_DIR; };
		452C8A151A7E4C9100DC330E /* AppDelegate.swift */ = {isa = PBXFileReference; fileEncoding = 4; lastKnownFileType = sourcecode.swift; path = AppDelegate.swift; sourceTree = "<group>"; };
		452C8A171A7E4C9100DC330E /* DemoViewController.swift */ = {isa = PBXFileReference; fileEncoding = 4; lastKnownFileType = sourcecode.swift; path = DemoViewController.swift; sourceTree = "<group>"; };
		452C8A191A7E4C9100DC330E /* TinyLayoutDemoView.swift */ = {isa = PBXFileReference; fileEncoding = 4; lastKnownFileType = sourcecode.swift; path = TinyLayoutDemoView.swift; sourceTree = "<group>"; };
		452C8A1B1A7E4C9100DC330E /* Info.plist */ = {isa = PBXFileReference; fileEncoding = 4; lastKnownFileType = text.plist.xml; path = Info.plist; sourceTree = "<group>"; };
		452C8A231A7E4CCA00DC330E /* Images.xcassets */ = {isa = PBXFileReference; lastKnownFileType = folder.assetcatalog; path = Images.xcassets; sourceTree = "<group>"; };
		452C8A291A7E4DB000DC330E /* TinyLayout.swift */ = {isa = PBXFileReference; fileEncoding = 4; lastKnownFileType = sourcecode.swift; path = TinyLayout.swift; sourceTree = "<group>"; };
		452C8A2A1A7E4DB000DC330E /* UIViewTinyLayout.swift */ = {isa = PBXFileReference; fileEncoding = 4; lastKnownFileType = sourcecode.swift; path = UIViewTinyLayout.swift; sourceTree = "<group>"; };
		452C8A2E1A7E508800DC330E /* Main.storyboard */ = {isa = PBXFileReference; fileEncoding = 4; lastKnownFileType = file.storyboard; path = Main.storyboard; sourceTree = "<group>"; };
/* End PBXFileReference section */

/* Begin PBXFrameworksBuildPhase section */
		452C89DF1A7E487700DC330E /* Frameworks */ = {
			isa = PBXFrameworksBuildPhase;
			buildActionMask = 2147483647;
			files = (
			);
			runOnlyForDeploymentPostprocessing = 0;
		};
/* End PBXFrameworksBuildPhase section */

/* Begin PBXGroup section */
		452C89D91A7E487700DC330E = {
			isa = PBXGroup;
			children = (
				452C8A101A7E4C6400DC330E /* TinyLayoutDemo */,
				452C89E31A7E487700DC330E /* Products */,
			);
			sourceTree = "<group>";
		};
		452C89E31A7E487700DC330E /* Products */ = {
			isa = PBXGroup;
			children = (
				452C89E21A7E487700DC330E /* TinyLayoutDemo.app */,
			);
			name = Products;
			sourceTree = "<group>";
		};
		452C8A101A7E4C6400DC330E /* TinyLayoutDemo */ = {
			isa = PBXGroup;
			children = (
				452C8A141A7E4C9100DC330E /* Classes */,
				452C8A281A7E4DB000DC330E /* TinyLayout */,
				452C8A201A7E4CA700DC330E /* Resources */,
				452C8A1A1A7E4C9100DC330E /* Supporting Files */,
			);
			name = TinyLayoutDemo;
			sourceTree = "<group>";
		};
		452C8A141A7E4C9100DC330E /* Classes */ = {
			isa = PBXGroup;
			children = (
				452C8A151A7E4C9100DC330E /* AppDelegate.swift */,
				452C8A2E1A7E508800DC330E /* Main.storyboard */,
				452C8A161A7E4C9100DC330E /* ViewControllers */,
				452C8A181A7E4C9100DC330E /* Views */,
			);
			name = Classes;
			path = TinyLayoutDemo/Classes;
			sourceTree = "<group>";
		};
		452C8A161A7E4C9100DC330E /* ViewControllers */ = {
			isa = PBXGroup;
			children = (
				452C8A171A7E4C9100DC330E /* DemoViewController.swift */,
			);
			path = ViewControllers;
			sourceTree = "<group>";
		};
		452C8A181A7E4C9100DC330E /* Views */ = {
			isa = PBXGroup;
			children = (
				452C8A191A7E4C9100DC330E /* TinyLayoutDemoView.swift */,
			);
			path = Views;
			sourceTree = "<group>";
		};
		452C8A1A1A7E4C9100DC330E /* Supporting Files */ = {
			isa = PBXGroup;
			children = (
				452C8A1B1A7E4C9100DC330E /* Info.plist */,
			);
			name = "Supporting Files";
			path = "TinyLayoutDemo/Supporting Files";
			sourceTree = "<group>";
		};
		452C8A201A7E4CA700DC330E /* Resources */ = {
			isa = PBXGroup;
			children = (
				452C8A231A7E4CCA00DC330E /* Images.xcassets */,
			);
			name = Resources;
			path = TinyLayoutDemo/Resources;
			sourceTree = "<group>";
		};
		452C8A281A7E4DB000DC330E /* TinyLayout */ = {
			isa = PBXGroup;
			children = (
				452C8A291A7E4DB000DC330E /* TinyLayout.swift */,
				452C8A2A1A7E4DB000DC330E /* UIViewTinyLayout.swift */,
			);
			path = TinyLayout;
			sourceTree = "<group>";
		};
/* End PBXGroup section */

/* Begin PBXNativeTarget section */
		452C89E11A7E487700DC330E /* TinyLayoutDemo */ = {
			isa = PBXNativeTarget;
			buildConfigurationList = 452C8A011A7E487700DC330E /* Build configuration list for PBXNativeTarget "TinyLayoutDemo" */;
			buildPhases = (
				452C89DE1A7E487700DC330E /* Sources */,
				452C89DF1A7E487700DC330E /* Frameworks */,
				452C89E01A7E487700DC330E /* Resources */,
			);
			buildRules = (
			);
			dependencies = (
			);
			name = TinyLayoutDemo;
			productName = TinyLayoutDemo;
			productReference = 452C89E21A7E487700DC330E /* TinyLayoutDemo.app */;
			productType = "com.apple.product-type.application";
		};
/* End PBXNativeTarget section */

/* Begin PBXProject section */
		452C89DA1A7E487700DC330E /* Project object */ = {
			isa = PBXProject;
			attributes = {
				LastUpgradeCheck = 0610;
				ORGANIZATIONNAME = RRocks;
				TargetAttributes = {
					452C89E11A7E487700DC330E = {
						CreatedOnToolsVersion = 6.1.1;
					};
				};
			};
			buildConfigurationList = 452C89DD1A7E487700DC330E /* Build configuration list for PBXProject "TinyLayoutDemo" */;
			compatibilityVersion = "Xcode 3.2";
			developmentRegion = English;
			hasScannedForEncodings = 0;
			knownRegions = (
				en,
				Base,
			);
			mainGroup = 452C89D91A7E487700DC330E;
			productRefGroup = 452C89E31A7E487700DC330E /* Products */;
			projectDirPath = "";
			projectRoot = "";
			targets = (
				452C89E11A7E487700DC330E /* TinyLayoutDemo */,
			);
		};
/* End PBXProject section */

/* Begin PBXResourcesBuildPhase section */
		452C89E01A7E487700DC330E /* Resources */ = {
			isa = PBXResourcesBuildPhase;
			buildActionMask = 2147483647;
			files = (
				452C8A2F1A7E508800DC330E /* Main.storyboard in Resources */,
				452C8A241A7E4CCA00DC330E /* Images.xcassets in Resources */,
			);
			runOnlyForDeploymentPostprocessing = 0;
		};
/* End PBXResourcesBuildPhase section */

/* Begin PBXSourcesBuildPhase section */
		452C89DE1A7E487700DC330E /* Sources */ = {
			isa = PBXSourcesBuildPhase;
			buildActionMask = 2147483647;
			files = (
				452C8A2C1A7E4DB000DC330E /* UIViewTinyLayout.swift in Sources */,
				452C8A1C1A7E4C9100DC330E /* AppDelegate.swift in Sources */,
				452C8A2B1A7E4DB000DC330E /* TinyLayout.swift in Sources */,
				452C8A1E1A7E4C9100DC330E /* TinyLayoutDemoView.swift in Sources */,
				452C8A1D1A7E4C9100DC330E /* DemoViewController.swift in Sources */,
			);
			runOnlyForDeploymentPostprocessing = 0;
		};
/* End PBXSourcesBuildPhase section */

/* Begin XCBuildConfiguration section */
		452C89FF1A7E487700DC330E /* Debug */ = {
			isa = XCBuildConfiguration;
			buildSettings = {
				ALWAYS_SEARCH_USER_PATHS = NO;
				CLANG_CXX_LANGUAGE_STANDARD = "gnu++0x";
				CLANG_CXX_LIBRARY = "libc++";
				CLANG_ENABLE_MODULES = YES;
				CLANG_ENABLE_OBJC_ARC = YES;
				CLANG_WARN_BOOL_CONVERSION = YES;
				CLANG_WARN_CONSTANT_CONVERSION = YES;
				CLANG_WARN_DIRECT_OBJC_ISA_USAGE = YES_ERROR;
				CLANG_WARN_EMPTY_BODY = YES;
				CLANG_WARN_ENUM_CONVERSION = YES;
				CLANG_WARN_INT_CONVERSION = YES;
				CLANG_WARN_OBJC_ROOT_CLASS = YES_ERROR;
				CLANG_WARN_UNREACHABLE_CODE = YES;
				CLANG_WARN__DUPLICATE_METHOD_MATCH = YES;
				"CODE_SIGN_IDENTITY[sdk=iphoneos*]" = "iPhone Developer";
				COPY_PHASE_STRIP = NO;
				ENABLE_STRICT_OBJC_MSGSEND = YES;
				GCC_C_LANGUAGE_STANDARD = gnu99;
				GCC_DYNAMIC_NO_PIC = NO;
				GCC_OPTIMIZATION_LEVEL = 0;
				GCC_PREPROCESSOR_DEFINITIONS = (
					"DEBUG=1",
					"$(inherited)",
				);
				GCC_SYMBOLS_PRIVATE_EXTERN = NO;
				GCC_WARN_64_TO_32_BIT_CONVERSION = YES;
				GCC_WARN_ABOUT_RETURN_TYPE = YES_ERROR;
				GCC_WARN_UNDECLARED_SELECTOR = YES;
				GCC_WARN_UNINITIALIZED_AUTOS = YES_AGGRESSIVE;
				GCC_WARN_UNUSED_FUNCTION = YES;
				GCC_WARN_UNUSED_VARIABLE = YES;
				IPHONEOS_DEPLOYMENT_TARGET = 8.1;
				MTL_ENABLE_DEBUG_INFO = YES;
				ONLY_ACTIVE_ARCH = YES;
				SDKROOT = iphoneos;
				SWIFT_OPTIMIZATION_LEVEL = "-Onone";
				TARGETED_DEVICE_FAMILY = "1,2";
			};
			name = Debug;
		};
		452C8A001A7E487700DC330E /* Release */ = {
			isa = XCBuildConfiguration;
			buildSettings = {
				ALWAYS_SEARCH_USER_PATHS = NO;
				CLANG_CXX_LANGUAGE_STANDARD = "gnu++0x";
				CLANG_CXX_LIBRARY = "libc++";
				CLANG_ENABLE_MODULES = YES;
				CLANG_ENABLE_OBJC_ARC = YES;
				CLANG_WARN_BOOL_CONVERSION = YES;
				CLANG_WARN_CONSTANT_CONVERSION = YES;
				CLANG_WARN_DIRECT_OBJC_ISA_USAGE = YES_ERROR;
				CLANG_WARN_EMPTY_BODY = YES;
				CLANG_WARN_ENUM_CONVERSION = YES;
				CLANG_WARN_INT_CONVERSION = YES;
				CLANG_WARN_OBJC_ROOT_CLASS = YES_ERROR;
				CLANG_WARN_UNREACHABLE_CODE = YES;
				CLANG_WARN__DUPLICATE_METHOD_MATCH = YES;
				"CODE_SIGN_IDENTITY[sdk=iphoneos*]" = "iPhone Developer";
				COPY_PHASE_STRIP = YES;
				ENABLE_NS_ASSERTIONS = NO;
				ENABLE_STRICT_OBJC_MSGSEND = YES;
				GCC_C_LANGUAGE_STANDARD = gnu99;
				GCC_WARN_64_TO_32_BIT_CONVERSION = YES;
				GCC_WARN_ABOUT_RETURN_TYPE = YES_ERROR;
				GCC_WARN_UNDECLARED_SELECTOR = YES;
				GCC_WARN_UNINITIALIZED_AUTOS = YES_AGGRESSIVE;
				GCC_WARN_UNUSED_FUNCTION = YES;
				GCC_WARN_UNUSED_VARIABLE = YES;
				IPHONEOS_DEPLOYMENT_TARGET = 8.1;
				MTL_ENABLE_DEBUG_INFO = NO;
				SDKROOT = iphoneos;
				TARGETED_DEVICE_FAMILY = "1,2";
				VALIDATE_PRODUCT = YES;
			};
			name = Release;
		};
		452C8A021A7E487700DC330E /* Debug */ = {
			isa = XCBuildConfiguration;
			buildSettings = {
				ASSETCATALOG_COMPILER_APPICON_NAME = AppIcon;
				ASSETCATALOG_COMPILER_LAUNCHIMAGE_NAME = LaunchImage;
				INFOPLIST_FILE = "$(SRCROOT)/TinyLayoutDemo/Supporting Files/Info.plist";
				LD_RUNPATH_SEARCH_PATHS = "$(inherited) @executable_path/Frameworks";
				PRODUCT_NAME = "$(TARGET_NAME)";
			};
			name = Debug;
		};
		452C8A031A7E487700DC330E /* Release */ = {
			isa = XCBuildConfiguration;
			buildSettings = {
				ASSETCATALOG_COMPILER_APPICON_NAME = AppIcon;
				ASSETCATALOG_COMPILER_LAUNCHIMAGE_NAME = LaunchImage;
				INFOPLIST_FILE = "$(SRCROOT)/TinyLayoutDemo/Supporting Files/Info.plist";
				LD_RUNPATH_SEARCH_PATHS = "$(inherited) @executable_path/Frameworks";
				PRODUCT_NAME = "$(TARGET_NAME)";
			};
			name = Release;
		};
/* End XCBuildConfiguration section */

/* Begin XCConfigurationList section */
		452C89DD1A7E487700DC330E /* Build configuration list for PBXProject "TinyLayoutDemo" */ = {
			isa = XCConfigurationList;
			buildConfigurations = (
				452C89FF1A7E487700DC330E /* Debug */,
				452C8A001A7E487700DC330E /* Release */,
			);
			defaultConfigurationIsVisible = 0;
			defaultConfigurationName = Release;
		};
		452C8A011A7E487700DC330E /* Build configuration list for PBXNativeTarget "TinyLayoutDemo" */ = {
			isa = XCConfigurationList;
			buildConfigurations = (
				452C8A021A7E487700DC330E /* Debug */,
				452C8A031A7E487700DC330E /* Release */,
			);
			defaultConfigurationIsVisible = 0;
			defaultConfigurationName = Release;
		};
/* End XCConfigurationList section */
	};
	rootObject = 452C89DA1A7E487700DC330E /* Project object */;
}
